
Microsoft Visual Studio Solution File, Format Version 12.00
# Visual Studio Version 17
VisualStudioVersion = 17.1.32328.378
MinimumVisualStudioVersion = 10.0.40219.1
Project("{13B669BE-BB05-4DDF-9536-439F39A36129}") = "PHP_Final", "PHP_Final.phpproj", "{73F6A67A-9F51-477F-B089-861193EE1C44}"
EndProject
Global
	GlobalSection(SolutionConfigurationPlatforms) = preSolution
		Debug|Any CPU = Debug|Any CPU
		Release|Any CPU = Release|Any CPU
	EndGlobalSection
	GlobalSection(ProjectConfigurationPlatforms) = postSolution
		{73F6A67A-9F51-477F-B089-861193EE1C44}.Debug|Any CPU.ActiveCfg = Debug|Any CPU
		{73F6A67A-9F51-477F-B089-861193EE1C44}.Debug|Any CPU.Build.0 = Debug|Any CPU
		{73F6A67A-9F51-477F-B089-861193EE1C44}.Release|Any CPU.ActiveCfg = Release|Any CPU
		{73F6A67A-9F51-477F-B089-861193EE1C44}.Release|Any CPU.Build.0 = Release|Any CPU
	EndGlobalSection
	GlobalSection(SolutionProperties) = preSolution
		HideSolutionNode = FALSE
	EndGlobalSection
	GlobalSection(ExtensibilityGlobals) = postSolution
		SolutionGuid = {959F8F0D-B21A-49E7-885D-9AB4426EFB74}
	EndGlobalSection
EndGlobal
